{
  "requires": true,
  "lockfileVersion": 1,
  "dependencies": {
    "core-js": {
      "version": "3.8.1",
      "resolved": "https://registry.npmjs.org/core-js/-/core-js-3.8.1.tgz",
      "integrity": "sha512-9Id2xHY1W7m8hCl8NkhQn5CufmF/WuR30BTRewvCXc1aZd3kMECwNZ69ndLbekKfakw9Rf2Xyc+QR6E7Gg+obg=="
    },
    "kareem": {
      "version": "2.3.2",
      "resolved": "https://registry.npmjs.org/kareem/-/kareem-2.3.2.tgz",
      "integrity": "sha512-STHz9P7X2L4Kwn72fA4rGyqyXdmrMSdxqHx9IXon/FXluXieaFA6KJ2upcHAHxQPQ0LeM/OjLrhFxifHewOALQ=="
    },
    "mongoose-update-if-current": {
      "version": "1.4.0",
      "resolved": "https://registry.npmjs.org/mongoose-update-if-current/-/mongoose-update-if-current-1.4.0.tgz",
      "integrity": "sha512-Rau2nvdiLExqXrSOwMMgDYQgf/fwTJQpPidTcT7C9UMQ282gTKXjDuh5vrjVvVQpfuvkiPis0tGHdXffaD54bg==",
      "requires": {
        "core-js": "^3.2.1",
        "kareem": "^2.3.0",
        "regenerator-runtime": "^0.13.5"
      }
    },
    "regenerator-runtime": {
      "version": "0.13.7",
      "resolved": "https://registry.npmjs.org/regenerator-runtime/-/regenerator-runtime-0.13.7.tgz",
      "integrity": "sha512-a54FxoJDIr27pgf7IgeQGxmqUNYrcV338lf/6gH456HZ/PhX+5BcwHXG9ajESmwe6WRO0tAzRUrRmNONWgkrew=="
    }
  }
}
